
Microsoft Visual Studio Solution File, Format Version 12.00
# Visual Studio 15
VisualStudioVersion = 15.0.28307.1705
MinimumVisualStudioVersion = 10.0.40219.1
Project("{FAE04EC0-301F-11D3-BF4B-00C04F79EFBC}") = "MyContacts", "MyContacts\MyContacts.csproj", "{99073057-67D3-4501-8DC8-D5F815632DE0}"
EndProject
Global
	GlobalSection(SolutionConfigurationPlatforms) = preSolution
		Debug|Any CPU = Debug|Any CPU
		Release|Any CPU = Release|Any CPU
	EndGlobalSection
	GlobalSection(ProjectConfigurationPlatforms) = postSolution
		{99073057-67D3-4501-8DC8-D5F815632DE0}.Debug|Any CPU.ActiveCfg = Debug|Any CPU
		{99073057-67D3-4501-8DC8-D5F815632DE0}.Debug|Any CPU.Build.0 = Debug|Any CPU
		{99073057-67D3-4501-8DC8-D5F815632DE0}.Release|Any CPU.ActiveCfg = Release|Any CPU
		{99073057-67D3-4501-8DC8-D5F815632DE0}.Release|Any CPU.Build.0 = Release|Any CPU
	EndGlobalSection
	GlobalSection(SolutionProperties) = preSolution
		HideSolutionNode = FALSE
	EndGlobalSection
	GlobalSection(ExtensibilityGlobals) = postSolution
		SolutionGuid = {9D0B80A5-A738-461E-BB39-17D4A3365220}
	EndGlobalSection
EndGlobal
